
Microsoft Visual Studio Solution File, Format Version 12.00
# Visual Studio Version 17
VisualStudioVersion = 17.10.35013.160
MinimumVisualStudioVersion = 10.0.40219.1
Project("{9092AA53-FB77-4645-B42D-1CCCA6BD08BD}") = "webapp", "webapp\webapp.njsproj", "{B97136CC-81FB-4B98-91F8-70543A600C7B}"
EndProject
Global
	GlobalSection(SolutionConfigurationPlatforms) = preSolution
		Debug|Any CPU = Debug|Any CPU
		Release|Any CPU = Release|Any CPU
	EndGlobalSection
	GlobalSection(ProjectConfigurationPlatforms) = postSolution
		{B97136CC-81FB-4B98-91F8-70543A600C7B}.Debug|Any CPU.ActiveCfg = Debug|Any CPU
		{B97136CC-81FB-4B98-91F8-70543A600C7B}.Debug|Any CPU.Build.0 = Debug|Any CPU
		{B97136CC-81FB-4B98-91F8-70543A600C7B}.Release|Any CPU.ActiveCfg = Release|Any CPU
		{B97136CC-81FB-4B98-91F8-70543A600C7B}.Release|Any CPU.Build.0 = Release|Any CPU
	EndGlobalSection
	GlobalSection(SolutionProperties) = preSolution
		HideSolutionNode = FALSE
	EndGlobalSection
	GlobalSection(ExtensibilityGlobals) = postSolution
		SolutionGuid = {1D5B8EAF-0625-45D1-9C3B-CF951C489856}
	EndGlobalSection
EndGlobal
